// !$*UTF8*$!
{
	archiveVersion = 1;
	classes = {
	};
	objectVersion = 50;
	objects = {

/* Begin PBXBuildFile section */
		2D5AB2D6237352A70031A505 /* AppDelegate.swift in Sources */ = {isa = PBXBuildFile; fileRef = 2D5AB2D5237352A70031A505 /* AppDelegate.swift */; };
		2D5AB2D8237352A70031A505 /* SceneDelegate.swift in Sources */ = {isa = PBXBuildFile; fileRef = 2D5AB2D7237352A70031A505 /* SceneDelegate.swift */; };
		2D5AB2DA237352A70031A505 /* ContentView.swift in Sources */ = {isa = PBXBuildFile; fileRef = 2D5AB2D9237352A70031A505 /* ContentView.swift */; };
		2D5AB2DC237352A90031A505 /* Assets.xcassets in Resources */ = {isa = PBXBuildFile; fileRef = 2D5AB2DB237352A90031A505 /* Assets.xcassets */; };
		2D5AB2DF237352A90031A505 /* Preview Assets.xcassets in Resources */ = {isa = PBXBuildFile; fileRef = 2D5AB2DE237352A90031A505 /* Preview Assets.xcassets */; };
		2D5AB2E2237352A90031A505 /* LaunchScreen.storyboard in Resources */ = {isa = PBXBuildFile; fileRef = 2D5AB2E0237352A90031A505 /* LaunchScreen.storyboard */; };
		2D5AB2ED237352A90031A505 /* SwiftUIRecomendationsTests.swift in Sources */ = {isa = PBXBuildFile; fileRef = 2D5AB2EC237352A90031A505 /* SwiftUIRecomendationsTests.swift */; };
/* End PBXBuildFile section */

/* Begin PBXContainerItemProxy section */
		2D5AB2E9237352A90031A505 /* PBXContainerItemProxy */ = {
			isa = PBXContainerItemProxy;
			containerPortal = 2D5AB2CA237352A70031A505 /* Project object */;
			proxyType = 1;
			remoteGlobalIDString = 2D5AB2D1237352A70031A505;
			remoteInfo = SwiftUIRecomendations;
		};
/* End PBXContainerItemProxy section */

/* Begin PBXFileReference section */
		2D5AB2D2237352A70031A505 /* SwiftUIRecomendations.app */ = {isa = PBXFileReference; explicitFileType = wrapper.application; includeInIndex = 0; path = SwiftUIRecomendations.app; sourceTree = BUILT_PRODUCTS_DIR; };
		2D5AB2D5237352A70031A505 /* AppDelegate.swift */ = {isa = PBXFileReference; lastKnownFileType = sourcecode.swift; path = AppDelegate.swift; sourceTree = "<group>"; };
		2D5AB2D7237352A70031A505 /* SceneDelegate.swift */ = {isa = PBXFileReference; lastKnownFileType = sourcecode.swift; path = SceneDelegate.swift; sourceTree = "<group>"; };
		2D5AB2D9237352A70031A505 /* ContentView.swift */ = {isa = PBXFileReference; lastKnownFileType = sourcecode.swift; path = ContentView.swift; sourceTree = "<group>"; };
		2D5AB2DB237352A90031A505 /* Assets.xcassets */ = {isa = PBXFileReference; lastKnownFileType = folder.assetcatalog; path = Assets.xcassets; sourceTree = "<group>"; };
		2D5AB2DE237352A90031A505 /* Preview Assets.xcassets */ = {isa = PBXFileReference; lastKnownFileType = folder.assetcatalog; path = "Preview Assets.xcassets"; sourceTree = "<group>"; };
		2D5AB2E1237352A90031A505 /* Base */ = {isa = PBXFileReference; lastKnownFileType = file.storyboard; name = Base; path = Base.lproj/LaunchScreen.storyboard; sourceTree = "<group>"; };
		2D5AB2E3237352A90031A505 /* Info.plist */ = {isa = PBXFileReference; lastKnownFileType = text.plist.xml; path = Info.plist; sourceTree = "<group>"; };
		2D5AB2E8237352A90031A505 /* SwiftUIRecomendationsTests.xctest */ = {isa = PBXFileReference; explicitFileType = wrapper.cfbundle; includeInIndex = 0; path = SwiftUIRecomendationsTests.xctest; sourceTree = BUILT_PRODUCTS_DIR; };
		2D5AB2EC237352A90031A505 /* SwiftUIRecomendationsTests.swift */ = {isa = PBXFileReference; lastKnownFileType = sourcecode.swift; path = SwiftUIRecomendationsTests.swift; sourceTree = "<group>"; };
		2D5AB2EE237352A90031A505 /* Info.plist */ = {isa = PBXFileReference; lastKnownFileType = text.plist.xml; path = Info.plist; sourceTree = "<group>"; };
		2D694F5C237C30C300CF09E2 /* cena.png */ = {isa = PBXFileReference; lastKnownFileType = image.png; path = cena.png; sourceTree = "<group>"; };
/* End PBXFileReference section */

/* Begin PBXFrameworksBuildPhase section */
		2D5AB2CF237352A70031A505 /* Frameworks */ = {
			isa = PBXFrameworksBuildPhase;
			buildActionMask = 2147483647;
			files = (
			);
			runOnlyForDeploymentPostprocessing = 0;
		};
		2D5AB2E5237352A90031A505 /* Frameworks */ = {
			isa = PBXFrameworksBuildPhase;
			buildActionMask = 2147483647;
			files = (
			);
			runOnlyForDeploymentPostprocessing = 0;
		};
/* End PBXFrameworksBuildPhase section */

/* Begin PBXGroup section */
		2D5AB2C9237352A70031A505 = {
			isa = PBXGroup;
			children = (
				2D694F5C237C30C300CF09E2 /* cena.png */,
				2D5AB2D4237352A70031A505 /* SwiftUIRecomendations */,
				2D5AB2EB237352A90031A505 /* SwiftUIRecomendationsTests */,
				2D5AB2D3237352A70031A505 /* Products */,
			);
			sourceTree = "<group>";
		};
		2D5AB2D3237352A70031A505 /* Products */ = {
			isa = PBXGroup;
			children = (
				2D5AB2D2237352A70031A505 /* SwiftUIRecomendations.app */,
				2D5AB2E8237352A90031A505 /* SwiftUIRecomendationsTests.xctest */,
			);
			name = Products;
			sourceTree = "<group>";
		};
		2D5AB2D4237352A70031A505 /* SwiftUIRecomendations */ = {
			isa = PBXGroup;
			children = (
				2D5AB2D5237352A70031A505 /* AppDelegate.swift */,
				2D5AB2D7237352A70031A505 /* SceneDelegate.swift */,
				2D5AB2D9237352A70031A505 /* ContentView.swift */,
				2D5AB2DB237352A90031A505 /* Assets.xcassets */,
				2D5AB2E0237352A90031A505 /* LaunchScreen.storyboard */,
				2D5AB2E3237352A90031A505 /* Info.plist */,
				2D5AB2DD237352A90031A505 /* Preview Content */,
			);
			path = SwiftUIRecomendations;
			sourceTree = "<group>";
		};
		2D5AB2DD237352A90031A505 /* Preview Content */ = {
			isa = PBXGroup;
			children = (
				2D5AB2DE237352A90031A505 /* Preview Assets.xcassets */,
			);
			path = "Preview Content";
			sourceTree = "<group>";
		};
		2D5AB2EB237352A90031A505 /* SwiftUIRecomendationsTests */ = {
			isa = PBXGroup;
			children = (
				2D5AB2EC237352A90031A505 /* SwiftUIRecomendationsTests.swift */,
				2D5AB2EE237352A90031A505 /* Info.plist */,
			);
			path = SwiftUIRecomendationsTests;
			sourceTree = "<group>";
		};
/* End PBXGroup section */

/* Begin PBXNativeTarget section */
		2D5AB2D1237352A70031A505 /* SwiftUIRecomendations */ = {
			isa = PBXNativeTarget;
			buildConfigurationList = 2D5AB2F1237352A90031A505 /* Build configuration list for PBXNativeTarget "SwiftUIRecomendations" */;
			buildPhases = (
				2D5AB2CE237352A70031A505 /* Sources */,
				2D5AB2CF237352A70031A505 /* Frameworks */,
				2D5AB2D0237352A70031A505 /* Resources */,
			);
			buildRules = (
			);
			dependencies = (
			);
			name = SwiftUIRecomendations;
			productName = SwiftUIRecomendations;
			productReference = 2D5AB2D2237352A70031A505 /* SwiftUIRecomendations.app */;
			productType = "com.apple.product-type.application";
		};
		2D5AB2E7237352A90031A505 /* SwiftUIRecomendationsTests */ = {
			isa = PBXNativeTarget;
			buildConfigurationList = 2D5AB2F4237352A90031A505 /* Build configuration list for PBXNativeTarget "SwiftUIRecomendationsTests" */;
			buildPhases = (
				2D5AB2E4237352A90031A505 /* Sources */,
				2D5AB2E5237352A90031A505 /* Frameworks */,
				2D5AB2E6237352A90031A505 /* Resources */,
			);
			buildRules = (
			);
			dependencies = (
				2D5AB2EA237352A90031A505 /* PBXTargetDependency */,
			);
			name = SwiftUIRecomendationsTests;
			productName = SwiftUIRecomendationsTests;
			productReference = 2D5AB2E8237352A90031A505 /* SwiftUIRecomendationsTests.xctest */;
			productType = "com.apple.product-type.bundle.unit-test";
		};
/* End PBXNativeTarget section */

/* Begin PBXProject section */
		2D5AB2CA237352A70031A505 /* Project object */ = {
			isa = PBXProject;
			attributes = {
				LastSwiftUpdateCheck = 1100;
				LastUpgradeCheck = 1100;
				ORGANIZATIONNAME = "Henrique Morbin";
				TargetAttributes = {
					2D5AB2D1237352A70031A505 = {
						CreatedOnToolsVersion = 11.0;
					};
					2D5AB2E7237352A90031A505 = {
						CreatedOnToolsVersion = 11.0;
						TestTargetID = 2D5AB2D1237352A70031A505;
					};
				};
			};
			buildConfigurationList = 2D5AB2CD237352A70031A505 /* Build configuration list for PBXProject "SwiftUIRecomendations" */;
			compatibilityVersion = "Xcode 9.3";
			developmentRegion = en;
			hasScannedForEncodings = 0;
			knownRegions = (
				en,
				Base,
			);
			mainGroup = 2D5AB2C9237352A70031A505;
			productRefGroup = 2D5AB2D3237352A70031A505 /* Products */;
			projectDirPath = "";
			projectRoot = "";
			targets = (
				2D5AB2D1237352A70031A505 /* SwiftUIRecomendations */,
				2D5AB2E7237352A90031A505 /* SwiftUIRecomendationsTests */,
			);
		};
/* End PBXProject section */

/* Begin PBXResourcesBuildPhase section */
		2D5AB2D0237352A70031A505 /* Resources */ = {
			isa = PBXResourcesBuildPhase;
			buildActionMask = 2147483647;
			files = (
				2D5AB2E2237352A90031A505 /* LaunchScreen.storyboard in Resources */,
				2D5AB2DF237352A90031A505 /* Preview Assets.xcassets in Resources */,
				2D5AB2DC237352A90031A505 /* Assets.xcassets in Resources */,
			);
			runOnlyForDeploymentPostprocessing = 0;
		};
		2D5AB2E6237352A90031A505 /* Resources */ = {
			isa = PBXResourcesBuildPhase;
			buildActionMask = 2147483647;
			files = (
			);
			runOnlyForDeploymentPostprocessing = 0;
		};
/* End PBXResourcesBuildPhase section */

/* Begin PBXSourcesBuildPhase section */
		2D5AB2CE237352A70031A505 /* Sources */ = {
			isa = PBXSourcesBuildPhase;
			buildActionMask = 2147483647;
			files = (
				2D5AB2D6237352A70031A505 /* AppDelegate.swift in Sources */,
				2D5AB2D8237352A70031A505 /* SceneDelegate.swift in Sources */,
				2D5AB2DA237352A70031A505 /* ContentView.swift in Sources */,
			);
			runOnlyForDeploymentPostprocessing = 0;
		};
		2D5AB2E4237352A90031A505 /* Sources */ = {
			isa = PBXSourcesBuildPhase;
			buildActionMask = 2147483647;
			files = (
				2D5AB2ED237352A90031A505 /* SwiftUIRecomendationsTests.swift in Sources */,
			);
			runOnlyForDeploymentPostprocessing = 0;
		};
/* End PBXSourcesBuildPhase section */

/* Begin PBXTargetDependency section */
		2D5AB2EA237352A90031A505 /* PBXTargetDependency */ = {
			isa = PBXTargetDependency;
			target = 2D5AB2D1237352A70031A505 /* SwiftUIRecomendations */;
			targetProxy = 2D5AB2E9237352A90031A505 /* PBXContainerItemProxy */;
		};
/* End PBXTargetDependency section */

/* Begin PBXVariantGroup section */
		2D5AB2E0237352A90031A505 /* LaunchScreen.storyboard */ = {
			isa = PBXVariantGroup;
			children = (
				2D5AB2E1237352A90031A505 /* Base */,
			);
			name = LaunchScreen.storyboard;
			sourceTree = "<group>";
		};
/* End PBXVariantGroup section */

/* Begin XCBuildConfiguration section */
		2D5AB2EF237352A90031A505 /* Debug */ = {
			isa = XCBuildConfiguration;
			buildSettings = {
				ALWAYS_SEARCH_USER_PATHS = NO;
				CLANG_ANALYZER_NONNULL = YES;
				CLANG_ANALYZER_NUMBER_OBJECT_CONVERSION = YES_AGGRESSIVE;
				CLANG_CXX_LANGUAGE_STANDARD = "gnu++14";
				CLANG_CXX_LIBRARY = "libc++";
				CLANG_ENABLE_MODULES = YES;
				CLANG_ENABLE_OBJC_ARC = YES;
				CLANG_ENABLE_OBJC_WEAK = YES;
				CLANG_WARN_BLOCK_CAPTURE_AUTORELEASING = YES;
				CLANG_WARN_BOOL_CONVERSION = YES;
				CLANG_WARN_COMMA = YES;
				CLANG_WARN_CONSTANT_CONVERSION = YES;
				CLANG_WARN_DEPRECATED_OBJC_IMPLEMENTATIONS = YES;
				CLANG_WARN_DIRECT_OBJC_ISA_USAGE = YES_ERROR;
				CLANG_WARN_DOCUMENTATION_COMMENTS = YES;
				CLANG_WARN_EMPTY_BODY = YES;
				CLANG_WARN_ENUM_CONVERSION = YES;
				CLANG_WARN_INFINITE_RECURSION = YES;
				CLANG_WARN_INT_CONVERSION = YES;
				CLANG_WARN_NON_LITERAL_NULL_CONVERSION = YES;
				CLANG_WARN_OBJC_IMPLICIT_RETAIN_SELF = YES;
				CLANG_WARN_OBJC_LITERAL_CONVERSION = YES;
				CLANG_WARN_OBJC_ROOT_CLASS = YES_ERROR;
				CLANG_WARN_RANGE_LOOP_ANALYSIS = YES;
				CLANG_WARN_STRICT_PROTOTYPES = YES;
				CLANG_WARN_SUSPICIOUS_MOVE = YES;
				CLANG_WARN_UNGUARDED_AVAILABILITY = YES_AGGRESSIVE;
				CLANG_WARN_UNREACHABLE_CODE = YES;
				CLANG_WARN__DUPLICATE_METHOD_MATCH = YES;
				COPY_PHASE_STRIP = NO;
				DEBUG_INFORMATION_FORMAT = dwarf;
				ENABLE_STRICT_OBJC_MSGSEND = YES;
				ENABLE_TESTABILITY = YES;
				GCC_C_LANGUAGE_STANDARD = gnu11;
				GCC_DYNAMIC_NO_PIC = NO;
				GCC_NO_COMMON_BLOCKS = YES;
				GCC_OPTIMIZATION_LEVEL = 0;
				GCC_PREPROCESSOR_DEFINITIONS = (
					"DEBUG=1",
					"$(inherited)",
				);
				GCC_WARN_64_TO_32_BIT_CONVERSION = YES;
				GCC_WARN_ABOUT_RETURN_TYPE = YES_ERROR;
				GCC_WARN_UNDECLARED_SELECTOR = YES;
				GCC_WARN_UNINITIALIZED_AUTOS = YES_AGGRESSIVE;
				GCC_WARN_UNUSED_FUNCTION = YES;
				GCC_WARN_UNUSED_VARIABLE = YES;
				IPHONEOS_DEPLOYMENT_TARGET = 13.0;
				MTL_ENABLE_DEBUG_INFO = INCLUDE_SOURCE;
				MTL_FAST_MATH = YES;
				ONLY_ACTIVE_ARCH = YES;
				SDKROOT = iphoneos;
				SWIFT_ACTIVE_COMPILATION_CONDITIONS = DEBUG;
				SWIFT_OPTIMIZATION_LEVEL = "-Onone";
			};
			name = Debug;
		};
		2D5AB2F0237352A90031A505 /* Release */ = {
			isa = XCBuildConfiguration;
			buildSettings = {
				ALWAYS_SEARCH_USER_PATHS = NO;
				CLANG_ANALYZER_NONNULL = YES;
				CLANG_ANALYZER_NUMBER_OBJECT_CONVERSION = YES_AGGRESSIVE;
				CLANG_CXX_LANGUAGE_STANDARD = "gnu++14";
				CLANG_CXX_LIBRARY = "libc++";
				CLANG_ENABLE_MODULES = YES;
				CLANG_ENABLE_OBJC_ARC = YES;
				CLANG_ENABLE_OBJC_WEAK = YES;
				CLANG_WARN_BLOCK_CAPTURE_AUTORELEASING = YES;
				CLANG_WARN_BOOL_CONVERSION = YES;
				CLANG_WARN_COMMA = YES;
				CLANG_WARN_CONSTANT_CONVERSION = YES;
				CLANG_WARN_DEPRECATED_OBJC_IMPLEMENTATIONS = YES;
				CLANG_WARN_DIRECT_OBJC_ISA_USAGE = YES_ERROR;
				CLANG_WARN_DOCUMENTATION_COMMENTS = YES;
				CLANG_WARN_EMPTY_BODY = YES;
				CLANG_WARN_ENUM_CONVERSION = YES;
				CLANG_WARN_INFINITE_RECURSION = YES;
				CLANG_WARN_INT_CONVERSION = YES;
				CLANG_WARN_NON_LITERAL_NULL_CONVERSION = YES;
				CLANG_WARN_OBJC_IMPLICIT_RETAIN_SELF = YES;
				CLANG_WARN_OBJC_LITERAL_CONVERSION = YES;
				CLANG_WARN_OBJC_ROOT_CLASS = YES_ERROR;
				CLANG_WARN_RANGE_LOOP_ANALYSIS = YES;
				CLANG_WARN_STRICT_PROTOTYPES = YES;
				CLANG_WARN_SUSPICIOUS_MOVE = YES;
				CLANG_WARN_UNGUARDED_AVAILABILITY = YES_AGGRESSIVE;
				CLANG_WARN_UNREACHABLE_CODE = YES;
				CLANG_WARN__DUPLICATE_METHOD_MATCH = YES;
				COPY_PHASE_STRIP = NO;
				DEBUG_INFORMATION_FORMAT = "dwarf-with-dsym";
				ENABLE_NS_ASSERTIONS = NO;
				ENABLE_STRICT_OBJC_MSGSEND = YES;
				GCC_C_LANGUAGE_STANDARD = gnu11;
				GCC_NO_COMMON_BLOCKS = YES;
				GCC_WARN_64_TO_32_BIT_CONVERSION = YES;
				GCC_WARN_ABOUT_RETURN_TYPE = YES_ERROR;
				GCC_WARN_UNDECLARED_SELECTOR = YES;
				GCC_WARN_UNINITIALIZED_AUTOS = YES_AGGRESSIVE;
				GCC_WARN_UNUSED_FUNCTION = YES;
				GCC_WARN_UNUSED_VARIABLE = YES;
				IPHONEOS_DEPLOYMENT_TARGET = 13.0;
				MTL_ENABLE_DEBUG_INFO = NO;
				MTL_FAST_MATH = YES;
				SDKROOT = iphoneos;
				SWIFT_COMPILATION_MODE = wholemodule;
				SWIFT_OPTIMIZATION_LEVEL = "-O";
				VALIDATE_PRODUCT = YES;
			};
			name = Release;
		};
		2D5AB2F2237352A90031A505 /* Debug */ = {
			isa = XCBuildConfiguration;
			buildSettings = {
				ASSETCATALOG_COMPILER_APPICON_NAME = AppIcon;
				CODE_SIGN_STYLE = Automatic;
				DEVELOPMENT_ASSET_PATHS = "\"SwiftUIRecomendations/Preview Content\"";
				ENABLE_PREVIEWS = YES;
				INFOPLIST_FILE = SwiftUIRecomendations/Info.plist;
				LD_RUNPATH_SEARCH_PATHS = (
					"$(inherited)",
					"@executable_path/Frameworks",
				);
				PRODUCT_BUNDLE_IDENTIFIER = br.com.morbin.SwiftUIRecomendations;
				PRODUCT_NAME = "$(TARGET_NAME)";
				SWIFT_VERSION = 5.0;
				TARGETED_DEVICE_FAMILY = "1,2";
			};
			name = Debug;
		};
		2D5AB2F3237352A90031A505 /* Release */ = {
			isa = XCBuildConfiguration;
			buildSettings = {
				ASSETCATALOG_COMPILER_APPICON_NAME = AppIcon;
				CODE_SIGN_STYLE = Automatic;
				DEVELOPMENT_ASSET_PATHS = "\"SwiftUIRecomendations/Preview Content\"";
				ENABLE_PREVIEWS = YES;
				INFOPLIST_FILE = SwiftUIRecomendations/Info.plist;
				LD_RUNPATH_SEARCH_PATHS = (
					"$(inherited)",
					"@executable_path/Frameworks",
				);
				PRODUCT_BUNDLE_IDENTIFIER = br.com.morbin.SwiftUIRecomendations;
				PRODUCT_NAME = "$(TARGET_NAME)";
				SWIFT_VERSION = 5.0;
				TARGETED_DEVICE_FAMILY = "1,2";
			};
			name = Release;
		};
		2D5AB2F5237352A90031A505 /* Debug */ = {
			isa = XCBuildConfiguration;
			buildSettings = {
				ALWAYS_EMBED_SWIFT_STANDARD_LIBRARIES = YES;
				BUNDLE_LOADER = "$(TEST_HOST)";
				CODE_SIGN_STYLE = Automatic;
				INFOPLIST_FILE = SwiftUIRecomendationsTests/Info.plist;
				IPHONEOS_DEPLOYMENT_TARGET = 13.0;
				LD_RUNPATH_SEARCH_PATHS = (
					"$(inherited)",
					"@executable_path/Frameworks",
					"@loader_path/Frameworks",
				);
				PRODUCT_BUNDLE_IDENTIFIER = br.com.morbin.SwiftUIRecomendationsTests;
				PRODUCT_NAME = "$(TARGET_NAME)";
				SWIFT_VERSION = 5.0;
				TARGETED_DEVICE_FAMILY = "1,2";
				TEST_HOST = "$(BUILT_PRODUCTS_DIR)/SwiftUIRecomendations.app/SwiftUIRecomendations";
			};
			name = Debug;
		};
		2D5AB2F6237352A90031A505 /* Release */ = {
			isa = XCBuildConfiguration;
			buildSettings = {
				ALWAYS_EMBED_SWIFT_STANDARD_LIBRARIES = YES;
				BUNDLE_LOADER = "$(TEST_HOST)";
				CODE_SIGN_STYLE = Automatic;
				INFOPLIST_FILE = SwiftUIRecomendationsTests/Info.plist;
				IPHONEOS_DEPLOYMENT_TARGET = 13.0;
				LD_RUNPATH_SEARCH_PATHS = (
					"$(inherited)",
					"@executable_path/Frameworks",
					"@loader_path/Frameworks",
				);
				PRODUCT_BUNDLE_IDENTIFIER = br.com.morbin.SwiftUIRecomendationsTests;
				PRODUCT_NAME = "$(TARGET_NAME)";
				SWIFT_VERSION = 5.0;
				TARGETED_DEVICE_FAMILY = "1,2";
				TEST_HOST = "$(BUILT_PRODUCTS_DIR)/SwiftUIRecomendations.app/SwiftUIRecomendations";
			};
			name = Release;
		};
/* End XCBuildConfiguration section */

/* Begin XCConfigurationList section */
		2D5AB2CD237352A70031A505 /* Build configuration list for PBXProject "SwiftUIRecomendations" */ = {
			isa = XCConfigurationList;
			buildConfigurations = (
				2D5AB2EF237352A90031A505 /* Debug */,
				2D5AB2F0237352A90031A505 /* Release */,
			);
			defaultConfigurationIsVisible = 0;
			defaultConfigurationName = Release;
		};
		2D5AB2F1237352A90031A505 /* Build configuration list for PBXNativeTarget "SwiftUIRecomendations" */ = {
			isa = XCConfigurationList;
			buildConfigurations = (
				2D5AB2F2237352A90031A505 /* Debug */,
				2D5AB2F3237352A90031A505 /* Release */,
			);
			defaultConfigurationIsVisible = 0;
			defaultConfigurationName = Release;
		};
		2D5AB2F4237352A90031A505 /* Build configuration list for PBXNativeTarget "SwiftUIRecomendationsTests" */ = {
			isa = XCConfigurationList;
			buildConfigurations = (
				2D5AB2F5237352A90031A505 /* Debug */,
				2D5AB2F6237352A90031A505 /* Release */,
			);
			defaultConfigurationIsVisible = 0;
			defaultConfigurationName = Release;
		};
/* End XCConfigurationList section */
	};
	rootObject = 2D5AB2CA237352A70031A505 /* Project object */;
}
